[[package]]
category = "main"
description = "Universal Command Line Environment for AWS."
name = "awscli"
optional = false
python-versions = "*"
version = "1.16.263"

[package.dependencies]
botocore = "1.12.253"
docutils = ">=0.10,<0.16"
rsa = ">=3.1.2,<=3.5.0"
s3transfer = ">=0.2.0,<0.3.0"

[package.dependencies.PyYAML]
python = "<2.6.0 || >=2.7.0,<3.3.0 || >=3.4.0"
version = ">=3.10,<5.2"

[package.dependencies.colorama]
python = "<2.6.0 || >=2.7.0,<3.3.0 || >=3.4.0"
version = ">=0.2.5,<0.4.2"

[[package]]
category = "main"
description = "The AWS SDK for Python"
name = "boto3"
optional = false
python-versions = "*"
version = "1.9.253"

[package.dependencies]
botocore = ">=1.12.253,<1.13.0"
jmespath = ">=0.7.1,<1.0.0"
s3transfer = ">=0.2.0,<0.3.0"

[[package]]
category = "main"
description = "Low-level, data-driven core of boto 3."
name = "botocore"
optional = false
python-versions = "*"
version = "1.12.253"

[package.dependencies]
docutils = ">=0.10,<0.16"
jmespath = ">=0.7.1,<1.0.0"

[package.dependencies.python-dateutil]
python = ">=2.7"
version = ">=2.1,<3.0.0"

[package.dependencies.urllib3]
python = ">=3.4"
version = ">=1.20,<1.26"

[[package]]
category = "main"
description = "Cross-platform colored terminal text."
marker = "python_version != \"2.6\" and python_version != \"3.3\""
name = "colorama"
optional = false
python-versions = "*"
version = "0.3.9"

[[package]]
category = "main"
description = "Docutils -- Python Documentation Utilities"
name = "docutils"
optional = false
python-versions = ">=2.6, !=3.0.*, !=3.1.*, !=3.2.*"
version = "0.15.2"

[[package]]
category = "main"
description = "JSON Matching Expressions"
name = "jmespath"
optional = false
python-versions = "*"
version = "0.9.4"

[[package]]
category = "main"
description = "ASN.1 types and codecs"
name = "pyasn1"
optional = false
python-versions = "*"
version = "0.4.6"

[[package]]
category = "main"
description = "Extensions to the standard Python datetime module"
marker = "python_version >= \"2.7\""
name = "python-dateutil"
optional = false
python-versions = ">=2.7, !=3.0.*, !=3.1.*, !=3.2.*"
version = "2.8.0"

[package.dependencies]
six = ">=1.5"

[[package]]
category = "main"
description = "YAML parser and emitter for Python"
marker = "python_version != \"2.6\" and python_version != \"3.3\""
name = "pyyaml"
optional = false
python-versions = ">=2.7, !=3.0.*, !=3.1.*, !=3.2.*, !=3.3.*"
version = "5.1.2"

[[package]]
category = "main"
description = "Pure-Python RSA implementation"
name = "rsa"
optional = false
python-versions = "*"
version = "3.4.2"

[package.dependencies]
pyasn1 = ">=0.1.3"

[[package]]
category = "main"
description = "An Amazon S3 Transfer Manager"
name = "s3transfer"
optional = false
python-versions = "*"
version = "0.2.1"

[package.dependencies]
botocore = ">=1.12.36,<2.0.0"

[[package]]
category = "main"
description = "Python 2 and 3 compatibility utilities"
marker = "python_version >= \"2.7\""
name = "six"
optional = false
python-versions = ">=2.6, !=3.0.*, !=3.1.*"
version = "1.12.0"

[[package]]
category = "main"
description = "HTTP library with thread-safe connection pooling, file post, and more."
marker = "python_version >= \"3.4\""
name = "urllib3"
optional = false
python-versions = ">=2.7, !=3.0.*, !=3.1.*, !=3.2.*, !=3.3.*, <4"
version = "1.25.3"

[metadata]
content-hash = "7d0ecd88b5ab28169d548ac0f1ad68b761be1d4515537a86994ffb97350e6a1f"
python-versions = "^3.6"

[metadata.hashes]
awscli = ["4f4872356e5ef7d98aa63397e3cf1a44a61440d5c2e08328db1fc9f61ce115e3", "d7b9a1d4c85bd812876d05828b3d93f924210a94502be77bee27f2ecfa73a541"]
boto3 = ["839285fbd6f3ab16170af449ae9e33d0eccf97ca22de17d9ff68b8da2310ea06", "d93f1774c4bc66e02acdda2067291acb9e228a035435753cb75f83ad2904cbe3"]
botocore = ["3baf129118575602ada9926f5166d82d02273c250d0feb313fc270944b27c48b", "dc080aed4f9b220a9e916ca29ca97a9d37e8e1d296fe89cbaeef929bf0c8066b"]
colorama = ["463f8483208e921368c9f306094eb6f725c6ca42b0f97e313cb5d5512459feda", "48eb22f4f8461b1df5734a074b57042430fb06e1d61bd1e11b078c0fe6d7a1f1"]
docutils = ["6c4f696463b79f1fb8ba0c594b63840ebd41f059e92b31957c46b74a4599b6d0", "9e4d7ecfc600058e07ba661411a2b7de2fd0fafa17d1a7f7361cd47b1175c827", "a2aeea129088da402665e92e0b25b04b073c04b2dce4ab65caaa38b7ce2e1a99"]
jmespath = ["3720a4b1bd659dd2eecad0666459b9788813e032b83e7ba58578e48254e0a0e6", "bde2aef6f44302dfb30320115b17d030798de8c4110e28d5cf6cf91a7a31074c"]
pyasn1 = ["0c444a3482c5f5c7fab93567761324f77045ede002362171e12acdd400ea50e0", "27e919f274d96829d9c78455eacf6a2253c9fd44979e5f880b672b524161366d", "3bb81821d47b17146049e7574ab4bf1e315eb7aead30efe5d6a9ca422c9710be", "3f8b11ba9fde9aeb56882589896cf9c7c8f4d5630f5e83abec1d80d1ef37b28b", "40f307cb9e351bf54b5cf956a85e02a42d4f881dac79ce7d0b736acb2adab0e5", "54734028b18e1d625a788d9846479ce088f10015db9ffb1abdd406d82b68b600", "5616c045d1eb934fecc0162bc2b9bd2c8935d4a3c4642c3ccd96fb1528b1f218", "5eb6dbc1191dc8a18da9d3ee4c3133909e3cfd0967d434dee958e737c1ca0bb7", "72f5f934852f4722e769ec9a4dd20d6fa206a78186bab2aadf27753a222892f6", "86ddc0f9a9062f111e70de780c5eb6d5d726f44809fafaa0af7a534ed66fc7c1", "b17f6696f920dc712a4dc5c711b1abd623d80531910e1455c70a6cb85ffb6332", "b773d5c9196ffbc3a1e13bdf909d446cad80a039aa3340bcad72f395b76ebc86", "f8dda822e63df09237acd8f88940c68c1964076e5d9a906cbf385d71ec1a4006"]
python-dateutil = ["7e6584c74aeed623791615e26efd690f29817a27c73085b78e4bad02493df2fb", "c89805f6f4d64db21ed966fda138f8a5ed7a4fdbc1a8ee329ce1b74e3c74da9e"]
pyyaml = ["0113bc0ec2ad727182326b61326afa3d1d8280ae1122493553fd6f4397f33df9", "01adf0b6c6f61bd11af6e10ca52b7d4057dd0be0343eb9283c878cf3af56aee4", "5124373960b0b3f4aa7df1707e63e9f109b5263eca5976c66e08b1c552d4eaf8", "5ca4f10adbddae56d824b2c09668e91219bb178a1eee1faa56af6f99f11bf696", "7907be34ffa3c5a32b60b95f4d95ea25361c951383a894fec31be7252b2b6f34", "7ec9b2a4ed5cad025c2278a1e6a19c011c80a3caaac804fd2d329e9cc2c287c9", "87ae4c829bb25b9fe99cf71fbb2140c448f534e24c998cc60f39ae4f94396a73", "9de9919becc9cc2ff03637872a440195ac4241c80536632fffeb6a1e25a74299", "a5a85b10e450c66b49f98846937e8cfca1db3127a9d5d1e31ca45c3d0bef4c5b", "b0997827b4f6a7c286c01c5f60384d218dca4ed7d9efa945c3e1aa623d5709ae", "b631ef96d3222e62861443cc89d6563ba3eeb816eeb96b2629345ab795e53681", "bf47c0607522fdbca6c9e817a6e81b08491de50f3766a7a0e6a5be7905961b41", "f81025eddd0327c7d4cfe9b62cf33190e1e736cc6e97502b3ec425f574b3e7a8"]
rsa = ["25df4e10c263fb88b5ace923dd84bf9aa7f5019687b5e55382ffcdb8bede9db5", "43f682fea81c452c98d09fc316aae12de6d30c4b5c84226642cf8f8fd1c93abd"]
s3transfer = ["6efc926738a3cd576c2a79725fed9afde92378aa5c6a957e3af010cb019fac9d", "b780f2411b824cb541dbcd2c713d0cb61c7d1bcadae204cdddda2b35cef493ba"]
six = ["3350809f0555b11f552448330d0b52d5f24c91a322ea4a15ef22629740f3761c", "d16a0141ec1a18405cd4ce8b4613101da75da0e9a7aec5bdd4fa804d0e0eba73"]
urllib3 = ["b246607a25ac80bedac05c6f282e3cdaf3afb65420fd024ac94435cabe6e18d1", "dbe59173209418ae49d485b87d1681aefa36252ee85884c31346debd19463232"]
